// !$*UTF8*$!
{
	archiveVersion = 1;
	classes = {
	};
	objectVersion = 48;
	objects = {

/* Begin PBXBuildFile section */
		BF1954D31F9C12A800F20678 /* Model.swift in Sources */ = {isa = PBXBuildFile; fileRef = BF1954D21F9C12A800F20678 /* Model.swift */; };
		BF7BBCE91FAD1D7100E615D7 /* cpd_script.php in Resources */ = {isa = PBXBuildFile; fileRef = BF18423C1FA69B2E005DF235 /* cpd_script.php */; };
		BF8522981FAB504B001EEF4B /* Stack.swift in Sources */ = {isa = PBXBuildFile; fileRef = BF8522971FAB504B001EEF4B /* Stack.swift */; };
		BF8BC1411F9AC56E006F2EF5 /* AppDelegate.swift in Sources */ = {isa = PBXBuildFile; fileRef = BF8BC1401F9AC56E006F2EF5 /* AppDelegate.swift */; };
		BF8BC1431F9AC56E006F2EF5 /* ViewController.swift in Sources */ = {isa = PBXBuildFile; fileRef = BF8BC1421F9AC56E006F2EF5 /* ViewController.swift */; };
		BF8BC1461F9AC56E006F2EF5 /* Main.storyboard in Resources */ = {isa = PBXBuildFile; fileRef = BF8BC1441F9AC56E006F2EF5 /* Main.storyboard */; settings = {ASSET_TAGS = (p, ); }; };
		BF8BC1481F9AC56E006F2EF5 /* Assets.xcassets in Resources */ = {isa = PBXBuildFile; fileRef = BF8BC1471F9AC56E006F2EF5 /* Assets.xcassets */; };
		BF8BC14B1F9AC56E006F2EF5 /* LaunchScreen.storyboard in Resources */ = {isa = PBXBuildFile; fileRef = BF8BC1491F9AC56E006F2EF5 /* LaunchScreen.storyboard */; };
/* End PBXBuildFile section */

/* Begin PBXFileReference section */
		BF18423C1FA69B2E005DF235 /* cpd_script.php */ = {isa = PBXFileReference; lastKnownFileType = text.script.php; name = cpd_script.php; path = "HelloWorld/Supporting Files/cpd_script.php"; sourceTree = SOURCE_ROOT; };
		BF1954D21F9C12A800F20678 /* Model.swift */ = {isa = PBXFileReference; lastKnownFileType = sourcecode.swift; path = Model.swift; sourceTree = "<group>"; };
		BF8522971FAB504B001EEF4B /* Stack.swift */ = {isa = PBXFileReference; lastKnownFileType = sourcecode.swift; path = Stack.swift; sourceTree = "<group>"; };
		BF8BC13D1F9AC56E006F2EF5 /* HelloWorld.app */ = {isa = PBXFileReference; explicitFileType = wrapper.application; includeInIndex = 0; path = HelloWorld.app; sourceTree = BUILT_PRODUCTS_DIR; };
		BF8BC1401F9AC56E006F2EF5 /* AppDelegate.swift */ = {isa = PBXFileReference; lastKnownFileType = sourcecode.swift; path = AppDelegate.swift; sourceTree = "<group>"; };
		BF8BC1421F9AC56E006F2EF5 /* ViewController.swift */ = {isa = PBXFileReference; lastKnownFileType = sourcecode.swift; path = ViewController.swift; sourceTree = "<group>"; };
		BF8BC1451F9AC56E006F2EF5 /* Base */ = {isa = PBXFileReference; lastKnownFileType = file.storyboard; name = Base; path = Base.lproj/Main.storyboard; sourceTree = "<group>"; };
		BF8BC1471F9AC56E006F2EF5 /* Assets.xcassets */ = {isa = PBXFileReference; lastKnownFileType = folder.assetcatalog; path = Assets.xcassets; sourceTree = "<group>"; };
		BF8BC14A1F9AC56E006F2EF5 /* Base */ = {isa = PBXFileReference; lastKnownFileType = file.storyboard; name = Base; path = Base.lproj/LaunchScreen.storyboard; sourceTree = "<group>"; };
		BF8BC14C1F9AC56E006F2EF5 /* Info.plist */ = {isa = PBXFileReference; lastKnownFileType = text.plist.xml; path = Info.plist; sourceTree = "<group>"; };
/* End PBXFileReference section */

/* Begin PBXFrameworksBuildPhase section */
		BF8BC13A1F9AC56E006F2EF5 /* Frameworks */ = {
			isa = PBXFrameworksBuildPhase;
			buildActionMask = 2147483647;
			files = (
			);
			runOnlyForDeploymentPostprocessing = 0;
		};
/* End PBXFrameworksBuildPhase section */

/* Begin PBXGroup section */
		BF7BBCE81FAD1B6F00E615D7 /* Supporting Files */ = {
			isa = PBXGroup;
			children = (
				BF18423C1FA69B2E005DF235 /* cpd_script.php */,
				BF8BC14C1F9AC56E006F2EF5 /* Info.plist */,
				BF8BC1401F9AC56E006F2EF5 /* AppDelegate.swift */,
				BF8BC1471F9AC56E006F2EF5 /* Assets.xcassets */,
				BF8BC1491F9AC56E006F2EF5 /* LaunchScreen.storyboard */,
			);
			path = "Supporting Files";
			sourceTree = "<group>";
		};
		BF8BC1341F9AC56E006F2EF5 = {
			isa = PBXGroup;
			children = (
				BF8BC13F1F9AC56E006F2EF5 /* HelloWorld */,
				BF8BC13E1F9AC56E006F2EF5 /* Products */,
			);
			sourceTree = "<group>";
		};
		BF8BC13E1F9AC56E006F2EF5 /* Products */ = {
			isa = PBXGroup;
			children = (
				BF8BC13D1F9AC56E006F2EF5 /* HelloWorld.app */,
			);
			name = Products;
			sourceTree = "<group>";
		};
		BF8BC13F1F9AC56E006F2EF5 /* HelloWorld */ = {
			isa = PBXGroup;
			children = (
				BF8BC1421F9AC56E006F2EF5 /* ViewController.swift */,
				BF8BC1441F9AC56E006F2EF5 /* Main.storyboard */,
				BF1954D21F9C12A800F20678 /* Model.swift */,
				BF8522971FAB504B001EEF4B /* Stack.swift */,
				BF7BBCE81FAD1B6F00E615D7 /* Supporting Files */,
			);
			path = HelloWorld;
			sourceTree = "<group>";
		};
/* End PBXGroup section */

/* Begin PBXNativeTarget section */
		BF8BC13C1F9AC56E006F2EF5 /* HelloWorld */ = {
			isa = PBXNativeTarget;
			buildConfigurationList = BF8BC14F1F9AC56E006F2EF5 /* Build configuration list for PBXNativeTarget "HelloWorld" */;
			buildPhases = (
				BF8BC1391F9AC56E006F2EF5 /* Sources */,
				BF8BC13A1F9AC56E006F2EF5 /* Frameworks */,
				BF8BC13B1F9AC56E006F2EF5 /* Resources */,
			);
			buildRules = (
			);
			dependencies = (
			);
			name = HelloWorld;
			productName = HelloWorld;
			productReference = BF8BC13D1F9AC56E006F2EF5 /* HelloWorld.app */;
			productType = "com.apple.product-type.application";
		};
/* End PBXNativeTarget section */

/* Begin PBXProject section */
		BF8BC1351F9AC56E006F2EF5 /* Project object */ = {
			isa = PBXProject;
			attributes = {
				KnownAssetTags = (
					p,
				);
				LastSwiftUpdateCheck = 0900;
				LastUpgradeCheck = 0900;
				ORGANIZATIONNAME = "ITMO University";
				TargetAttributes = {
					BF8BC13C1F9AC56E006F2EF5 = {
						CreatedOnToolsVersion = 9.0.1;
						ProvisioningStyle = Automatic;
					};
				};
			};
			buildConfigurationList = BF8BC1381F9AC56E006F2EF5 /* Build configuration list for PBXProject "HelloWorld" */;
			compatibilityVersion = "Xcode 8.0";
			developmentRegion = en;
			hasScannedForEncodings = 0;
			knownRegions = (
				en,
				Base,
			);
			mainGroup = BF8BC1341F9AC56E006F2EF5;
			productRefGroup = BF8BC13E1F9AC56E006F2EF5 /* Products */;
			projectDirPath = "";
			projectRoot = "";
			targets = (
				BF8BC13C1F9AC56E006F2EF5 /* HelloWorld */,
			);
		};
/* End PBXProject section */

/* Begin PBXResourcesBuildPhase section */
		BF8BC13B1F9AC56E006F2EF5 /* Resources */ = {
			isa = PBXResourcesBuildPhase;
			buildActionMask = 2147483647;
			files = (
				BF7BBCE91FAD1D7100E615D7 /* cpd_script.php in Resources */,
				BF8BC14B1F9AC56E006F2EF5 /* LaunchScreen.storyboard in Resources */,
				BF8BC1481F9AC56E006F2EF5 /* Assets.xcassets in Resources */,
				BF8BC1461F9AC56E006F2EF5 /* Main.storyboard in Resources */,
			);
			runOnlyForDeploymentPostprocessing = 0;
		};
/* End PBXResourcesBuildPhase section */

/* Begin PBXSourcesBuildPhase section */
		BF8BC1391F9AC56E006F2EF5 /* Sources */ = {
			isa = PBXSourcesBuildPhase;
			buildActionMask = 2147483647;
			files = (
				BF8522981FAB504B001EEF4B /* Stack.swift in Sources */,
				BF1954D31F9C12A800F20678 /* Model.swift in Sources */,
				BF8BC1431F9AC56E006F2EF5 /* ViewController.swift in Sources */,
				BF8BC1411F9AC56E006F2EF5 /* AppDelegate.swift in Sources */,
			);
			runOnlyForDeploymentPostprocessing = 0;
		};
/* End PBXSourcesBuildPhase section */

/* Begin PBXVariantGroup section */
		BF8BC1441F9AC56E006F2EF5 /* Main.storyboard */ = {
			isa = PBXVariantGroup;
			children = (
				BF8BC1451F9AC56E006F2EF5 /* Base */,
			);
			name = Main.storyboard;
			sourceTree = "<group>";
		};
		BF8BC1491F9AC56E006F2EF5 /* LaunchScreen.storyboard */ = {
			isa = PBXVariantGroup;
			children = (
				BF8BC14A1F9AC56E006F2EF5 /* Base */,
			);
			name = LaunchScreen.storyboard;
			sourceTree = "<group>";
		};
/* End PBXVariantGroup section */

/* Begin XCBuildConfiguration section */
		BF8BC14D1F9AC56E006F2EF5 /* Debug */ = {
			isa = XCBuildConfiguration;
			buildSettings = {
				ALWAYS_SEARCH_USER_PATHS = NO;
				CLANG_ANALYZER_NONNULL = YES;
				CLANG_ANALYZER_NUMBER_OBJECT_CONVERSION = YES_AGGRESSIVE;
				CLANG_CXX_LANGUAGE_STANDARD = "gnu++14";
				CLANG_CXX_LIBRARY = "libc++";
				CLANG_ENABLE_MODULES = YES;
				CLANG_ENABLE_OBJC_ARC = YES;
				CLANG_WARN_BLOCK_CAPTURE_AUTORELEASING = YES;
				CLANG_WARN_BOOL_CONVERSION = YES;
				CLANG_WARN_COMMA = YES;
				CLANG_WARN_CONSTANT_CONVERSION = YES;
				CLANG_WARN_DIRECT_OBJC_ISA_USAGE = YES_ERROR;
				CLANG_WARN_DOCUMENTATION_COMMENTS = YES;
				CLANG_WARN_EMPTY_BODY = YES;
				CLANG_WARN_ENUM_CONVERSION = YES;
				CLANG_WARN_INFINITE_RECURSION = YES;
				CLANG_WARN_INT_CONVERSION = YES;
				CLANG_WARN_NON_LITERAL_NULL_CONVERSION = YES;
				CLANG_WARN_OBJC_LITERAL_CONVERSION = YES;
				CLANG_WARN_OBJC_ROOT_CLASS = YES_ERROR;
				CLANG_WARN_RANGE_LOOP_ANALYSIS = YES;
				CLANG_WARN_STRICT_PROTOTYPES = YES;
				CLANG_WARN_SUSPICIOUS_MOVE = YES;
				CLANG_WARN_UNGUARDED_AVAILABILITY = YES_AGGRESSIVE;
				CLANG_WARN_UNREACHABLE_CODE = YES;
				CLANG_WARN__DUPLICATE_METHOD_MATCH = YES;
				CODE_SIGN_IDENTITY = "iPhone Developer";
				COPY_PHASE_STRIP = NO;
				DEBUG_INFORMATION_FORMAT = dwarf;
				ENABLE_STRICT_OBJC_MSGSEND = YES;
				ENABLE_TESTABILITY = YES;
				GCC_C_LANGUAGE_STANDARD = gnu11;
				GCC_DYNAMIC_NO_PIC = NO;
				GCC_NO_COMMON_BLOCKS = YES;
				GCC_OPTIMIZATION_LEVEL = 0;
				GCC_PREPROCESSOR_DEFINITIONS = (
					"DEBUG=1",
					"$(inherited)",
				);
				GCC_WARN_64_TO_32_BIT_CONVERSION = YES;
				GCC_WARN_ABOUT_RETURN_TYPE = YES_ERROR;
				GCC_WARN_UNDECLARED_SELECTOR = YES;
				GCC_WARN_UNINITIALIZED_AUTOS = YES_AGGRESSIVE;
				GCC_WARN_UNUSED_FUNCTION = YES;
				GCC_WARN_UNUSED_VARIABLE = YES;
				IPHONEOS_DEPLOYMENT_TARGET = 11.0;
				MTL_ENABLE_DEBUG_INFO = YES;
				ONLY_ACTIVE_ARCH = YES;
				SDKROOT = iphoneos;
				SWIFT_ACTIVE_COMPILATION_CONDITIONS = DEBUG;
				SWIFT_OPTIMIZATION_LEVEL = "-Onone";
			};
			name = Debug;
		};
		BF8BC14E1F9AC56E006F2EF5 /* Release */ = {
			isa = XCBuildConfiguration;
			buildSettings = {
				ALWAYS_SEARCH_USER_PATHS = NO;
				CLANG_ANALYZER_NONNULL = YES;
				CLANG_ANALYZER_NUMBER_OBJECT_CONVERSION = YES_AGGRESSIVE;
				CLANG_CXX_LANGUAGE_STANDARD = "gnu++14";
				CLANG_CXX_LIBRARY = "libc++";
				CLANG_ENABLE_MODULES = YES;
				CLANG_ENABLE_OBJC_ARC = YES;
				CLANG_WARN_BLOCK_CAPTURE_AUTORELEASING = YES;
				CLANG_WARN_BOOL_CONVERSION = YES;
				CLANG_WARN_COMMA = YES;
				CLANG_WARN_CONSTANT_CONVERSION = YES;
				CLANG_WARN_DIRECT_OBJC_ISA_USAGE = YES_ERROR;
				CLANG_WARN_DOCUMENTATION_COMMENTS = YES;
				CLANG_WARN_EMPTY_BODY = YES;
				CLANG_WARN_ENUM_CONVERSION = YES;
				CLANG_WARN_INFINITE_RECURSION = YES;
				CLANG_WARN_INT_CONVERSION = YES;
				CLANG_WARN_NON_LITERAL_NULL_CONVERSION = YES;
				CLANG_WARN_OBJC_LITERAL_CONVERSION = YES;
				CLANG_WARN_OBJC_ROOT_CLASS = YES_ERROR;
				CLANG_WARN_RANGE_LOOP_ANALYSIS = YES;
				CLANG_WARN_STRICT_PROTOTYPES = YES;
				CLANG_WARN_SUSPICIOUS_MOVE = YES;
				CLANG_WARN_UNGUARDED_AVAILABILITY = YES_AGGRESSIVE;
				CLANG_WARN_UNREACHABLE_CODE = YES;
				CLANG_WARN__DUPLICATE_METHOD_MATCH = YES;
				CODE_SIGN_IDENTITY = "iPhone Developer";
				COPY_PHASE_STRIP = NO;
				DEBUG_INFORMATION_FORMAT = "dwarf-with-dsym";
				ENABLE_NS_ASSERTIONS = NO;
				ENABLE_STRICT_OBJC_MSGSEND = YES;
				GCC_C_LANGUAGE_STANDARD = gnu11;
				GCC_NO_COMMON_BLOCKS = YES;
				GCC_WARN_64_TO_32_BIT_CONVERSION = YES;
				GCC_WARN_ABOUT_RETURN_TYPE = YES_ERROR;
				GCC_WARN_UNDECLARED_SELECTOR = YES;
				GCC_WARN_UNINITIALIZED_AUTOS = YES_AGGRESSIVE;
				GCC_WARN_UNUSED_FUNCTION = YES;
				GCC_WARN_UNUSED_VARIABLE = YES;
				IPHONEOS_DEPLOYMENT_TARGET = 11.0;
				MTL_ENABLE_DEBUG_INFO = NO;
				SDKROOT = iphoneos;
				SWIFT_OPTIMIZATION_LEVEL = "-Owholemodule";
				VALIDATE_PRODUCT = YES;
			};
			name = Release;
		};
		BF8BC1501F9AC56E006F2EF5 /* Debug */ = {
			isa = XCBuildConfiguration;
			buildSettings = {
				ASSETCATALOG_COMPILER_APPICON_NAME = AppIcon;
				CODE_SIGN_STYLE = Automatic;
				INFOPLIST_FILE = "$(SRCROOT)/HelloWorld/Supporting Files/Info.plist";
				LD_RUNPATH_SEARCH_PATHS = "$(inherited) @executable_path/Frameworks";
				PRODUCT_BUNDLE_IDENTIFIER = ru.ifmo.HelloWorld;
				PRODUCT_NAME = "$(TARGET_NAME)";
				SWIFT_VERSION = 4.0;
				TARGETED_DEVICE_FAMILY = "1,2";
			};
			name = Debug;
		};
		BF8BC1511F9AC56E006F2EF5 /* Release */ = {
			isa = XCBuildConfiguration;
			buildSettings = {
				ASSETCATALOG_COMPILER_APPICON_NAME = AppIcon;
				CODE_SIGN_STYLE = Automatic;
				INFOPLIST_FILE = "$(SRCROOT)/HelloWorld/Supporting Files/Info.plist";
				LD_RUNPATH_SEARCH_PATHS = "$(inherited) @executable_path/Frameworks";
				PRODUCT_BUNDLE_IDENTIFIER = ru.ifmo.HelloWorld;
				PRODUCT_NAME = "$(TARGET_NAME)";
				SWIFT_VERSION = 4.0;
				TARGETED_DEVICE_FAMILY = "1,2";
			};
			name = Release;
		};
/* End XCBuildConfiguration section */

/* Begin XCConfigurationList section */
		BF8BC1381F9AC56E006F2EF5 /* Build configuration list for PBXProject "HelloWorld" */ = {
			isa = XCConfigurationList;
			buildConfigurations = (
				BF8BC14D1F9AC56E006F2EF5 /* Debug */,
				BF8BC14E1F9AC56E006F2EF5 /* Release */,
			);
			defaultConfigurationIsVisible = 0;
			defaultConfigurationName = Release;
		};
		BF8BC14F1F9AC56E006F2EF5 /* Build configuration list for PBXNativeTarget "HelloWorld" */ = {
			isa = XCConfigurationList;
			buildConfigurations = (
				BF8BC1501F9AC56E006F2EF5 /* Debug */,
				BF8BC1511F9AC56E006F2EF5 /* Release */,
			);
			defaultConfigurationIsVisible = 0;
			defaultConfigurationName = Release;
		};
/* End XCConfigurationList section */
	};
	rootObject = BF8BC1351F9AC56E006F2EF5 /* Project object */;
}
